
Microsoft Visual Studio Solution File, Format Version 12.00
# Visual Studio Version 16
VisualStudioVersion = 16.0.29806.167
MinimumVisualStudioVersion = 10.0.40219.1
Project("{FAE04EC0-301F-11D3-BF4B-00C04F79EFBC}") = "Students_Management", "Students_Management\Students_Management.csproj", "{F083CE7B-FCBE-480B-AFFC-13FBBCDA18CB}"
EndProject
Global
	GlobalSection(SolutionConfigurationPlatforms) = preSolution
		Debug|Any CPU = Debug|Any CPU
		Release|Any CPU = Release|Any CPU
	EndGlobalSection
	GlobalSection(ProjectConfigurationPlatforms) = postSolution
		{F083CE7B-FCBE-480B-AFFC-13FBBCDA18CB}.Debug|Any CPU.ActiveCfg = Debug|Any CPU
		{F083CE7B-FCBE-480B-AFFC-13FBBCDA18CB}.Debug|Any CPU.Build.0 = Debug|Any CPU
		{F083CE7B-FCBE-480B-AFFC-13FBBCDA18CB}.Release|Any CPU.ActiveCfg = Release|Any CPU
		{F083CE7B-FCBE-480B-AFFC-13FBBCDA18CB}.Release|Any CPU.Build.0 = Release|Any CPU
	EndGlobalSection
	GlobalSection(SolutionProperties) = preSolution
		HideSolutionNode = FALSE
	EndGlobalSection
	GlobalSection(ExtensibilityGlobals) = postSolution
		SolutionGuid = {3F305094-CF22-4D64-835F-07625CC8139B}
	EndGlobalSection
EndGlobal
